
Microsoft Visual Studio Solution File, Format Version 10.00
# Visual Studio 2008
Project("{FAE04EC0-301F-11D3-BF4B-00C04F79EFBC}") = "DynamicPageHTTPHandler", "DynamicPageHTTPHandler\DynamicPageHTTPHandler.csproj", "{634F0207-EB98-4F12-B2E8-74D26F914CAB}"
EndProject
Project("{FAE04EC0-301F-11D3-BF4B-00C04F79EFBC}") = "TFS.Web.Internal", "TFS.Web.Internal\TFS.Web.Internal.csproj", "{0A647355-1EB7-4ACD-9EE0-42A910252623}"
EndProject
Project("{FAE04EC0-301F-11D3-BF4B-00C04F79EFBC}") = "TFS.Billing", "TFS.Billing\TFS.Billing.csproj", "{EEB808F2-BEF9-454D-AA3E-4A31A84DB29E}"
EndProject
Project("{FAE04EC0-301F-11D3-BF4B-00C04F79EFBC}") = "TFS.CMS", "TFS.CMS\TFS.CMS.csproj", "{B756060B-033A-49F1-BA68-F7FB3D75B46F}"
EndProject
Project("{FAE04EC0-301F-11D3-BF4B-00C04F79EFBC}") = "TFS.Security", "TFS.Security\TFS.Security.csproj", "{FB9B5BA7-2CC0-4114-B9C1-ADA47655A52F}"
EndProject
Project("{2150E333-8FDC-42A3-9474-1A3956D46DE8}") = "Solution Items", "Solution Items", "{C330C017-0D74-456B-97DD-D3F0C4B382A6}"
	ProjectSection(SolutionItems) = preProject
		SolutionInfo.cs = SolutionInfo.cs
	EndProjectSection
EndProject
Project("{FAE04EC0-301F-11D3-BF4B-00C04F79EFBC}") = "DatabaseSchema", "DatabaseSchema\DatabaseSchema.csproj", "{F73F51DA-0FA4-44B2-A47E-9E7ACE07D75E}"
EndProject
Project("{FAE04EC0-301F-11D3-BF4B-00C04F79EFBC}") = "TFS.OpCenter", "TFS.OpCenter\TFS.OpCenter.csproj", "{4C175BFE-6B1B-4D27-97F6-2DA1BD054EAF}"
EndProject
Project("{FAE04EC0-301F-11D3-BF4B-00C04F79EFBC}") = "TFS.Tests", "TFS.Tests\TFS.Tests.csproj", "{284C5E01-276F-458A-8EE1-CCABFE815586}"
EndProject
Global
	GlobalSection(SolutionConfigurationPlatforms) = preSolution
		Debug|Any CPU = Debug|Any CPU
		Release|Any CPU = Release|Any CPU
	EndGlobalSection
	GlobalSection(ProjectConfigurationPlatforms) = postSolution
		{634F0207-EB98-4F12-B2E8-74D26F914CAB}.Debug|Any CPU.ActiveCfg = Debug|Any CPU
		{634F0207-EB98-4F12-B2E8-74D26F914CAB}.Debug|Any CPU.Build.0 = Debug|Any CPU
		{634F0207-EB98-4F12-B2E8-74D26F914CAB}.Release|Any CPU.ActiveCfg = Release|Any CPU
		{634F0207-EB98-4F12-B2E8-74D26F914CAB}.Release|Any CPU.Build.0 = Release|Any CPU
		{0A647355-1EB7-4ACD-9EE0-42A910252623}.Debug|Any CPU.ActiveCfg = Debug|Any CPU
		{0A647355-1EB7-4ACD-9EE0-42A910252623}.Debug|Any CPU.Build.0 = Debug|Any CPU
		{0A647355-1EB7-4ACD-9EE0-42A910252623}.Release|Any CPU.ActiveCfg = Release|Any CPU
		{0A647355-1EB7-4ACD-9EE0-42A910252623}.Release|Any CPU.Build.0 = Release|Any CPU
		{EEB808F2-BEF9-454D-AA3E-4A31A84DB29E}.Debug|Any CPU.ActiveCfg = Debug|Any CPU
		{EEB808F2-BEF9-454D-AA3E-4A31A84DB29E}.Debug|Any CPU.Build.0 = Debug|Any CPU
		{EEB808F2-BEF9-454D-AA3E-4A31A84DB29E}.Release|Any CPU.ActiveCfg = Release|Any CPU
		{EEB808F2-BEF9-454D-AA3E-4A31A84DB29E}.Release|Any CPU.Build.0 = Release|Any CPU
		{B756060B-033A-49F1-BA68-F7FB3D75B46F}.Debug|Any CPU.ActiveCfg = Debug|Any CPU
		{B756060B-033A-49F1-BA68-F7FB3D75B46F}.Debug|Any CPU.Build.0 = Debug|Any CPU
		{B756060B-033A-49F1-BA68-F7FB3D75B46F}.Release|Any CPU.ActiveCfg = Release|Any CPU
		{B756060B-033A-49F1-BA68-F7FB3D75B46F}.Release|Any CPU.Build.0 = Release|Any CPU
		{FB9B5BA7-2CC0-4114-B9C1-ADA47655A52F}.Debug|Any CPU.ActiveCfg = Debug|Any CPU
		{FB9B5BA7-2CC0-4114-B9C1-ADA47655A52F}.Debug|Any CPU.Build.0 = Debug|Any CPU
		{FB9B5BA7-2CC0-4114-B9C1-ADA47655A52F}.Release|Any CPU.ActiveCfg = Release|Any CPU
		{FB9B5BA7-2CC0-4114-B9C1-ADA47655A52F}.Release|Any CPU.Build.0 = Release|Any CPU
		{F73F51DA-0FA4-44B2-A47E-9E7ACE07D75E}.Debug|Any CPU.ActiveCfg = Debug|Any CPU
		{F73F51DA-0FA4-44B2-A47E-9E7ACE07D75E}.Debug|Any CPU.Build.0 = Debug|Any CPU
		{F73F51DA-0FA4-44B2-A47E-9E7ACE07D75E}.Release|Any CPU.ActiveCfg = Release|Any CPU
		{F73F51DA-0FA4-44B2-A47E-9E7ACE07D75E}.Release|Any CPU.Build.0 = Release|Any CPU
		{4C175BFE-6B1B-4D27-97F6-2DA1BD054EAF}.Debug|Any CPU.ActiveCfg = Debug|Any CPU
		{4C175BFE-6B1B-4D27-97F6-2DA1BD054EAF}.Debug|Any CPU.Build.0 = Debug|Any CPU
		{4C175BFE-6B1B-4D27-97F6-2DA1BD054EAF}.Release|Any CPU.ActiveCfg = Release|Any CPU
		{4C175BFE-6B1B-4D27-97F6-2DA1BD054EAF}.Release|Any CPU.Build.0 = Release|Any CPU
		{284C5E01-276F-458A-8EE1-CCABFE815586}.Debug|Any CPU.ActiveCfg = Debug|Any CPU
		{284C5E01-276F-458A-8EE1-CCABFE815586}.Debug|Any CPU.Build.0 = Debug|Any CPU
		{284C5E01-276F-458A-8EE1-CCABFE815586}.Release|Any CPU.ActiveCfg = Release|Any CPU
		{284C5E01-276F-458A-8EE1-CCABFE815586}.Release|Any CPU.Build.0 = Release|Any CPU
	EndGlobalSection
	GlobalSection(SolutionProperties) = preSolution
		HideSolutionNode = FALSE
	EndGlobalSection
EndGlobal
