
Microsoft Visual Studio Solution File, Format Version 10.00
# Visual Studio 2008
Project("{FAE04EC0-301F-11D3-BF4B-00C04F79EFBC}") = "PersonnelRecordsMigrator", "PersonnelRecordsMigrator.csproj", "{00EF08A9-F620-4734-A5F5-BC938CB0CFBB}"
EndProject
Global
	GlobalSection(SolutionConfigurationPlatforms) = preSolution
		Debug|Any CPU = Debug|Any CPU
		Release|Any CPU = Release|Any CPU
	EndGlobalSection
	GlobalSection(ProjectConfigurationPlatforms) = postSolution
		{00EF08A9-F620-4734-A5F5-BC938CB0CFBB}.Debug|Any CPU.ActiveCfg = Debug|Any CPU
		{00EF08A9-F620-4734-A5F5-BC938CB0CFBB}.Debug|Any CPU.Build.0 = Debug|Any CPU
		{00EF08A9-F620-4734-A5F5-BC938CB0CFBB}.Release|Any CPU.ActiveCfg = Release|Any CPU
		{00EF08A9-F620-4734-A5F5-BC938CB0CFBB}.Release|Any CPU.Build.0 = Release|Any CPU
	EndGlobalSection
	GlobalSection(SolutionProperties) = preSolution
		HideSolutionNode = FALSE
	EndGlobalSection
EndGlobal
